// !$*UTF8*$!
{
	archiveVersion = 1;
	classes = {
	};
	objectVersion = 50;
	objects = {

/* Begin PBXBuildFile section */
		63A5B6E22126A073002EACC5 /* UIView+DSL.m in Sources */ = {isa = PBXBuildFile; fileRef = 63A5B6DE2126A073002EACC5 /* UIView+DSL.m */; };
		63A5B6E32126A073002EACC5 /* UIImageView+DSL.m in Sources */ = {isa = PBXBuildFile; fileRef = 63A5B6E12126A073002EACC5 /* UIImageView+DSL.m */; };
		63A5B6E72126A1DC002EACC5 /* DSLViewMaker.m in Sources */ = {isa = PBXBuildFile; fileRef = 63A5B6E62126A1DC002EACC5 /* DSLViewMaker.m */; };
		63CF57E62122BFC8000DC023 /* AppDelegate.m in Sources */ = {isa = PBXBuildFile; fileRef = 63CF57E52122BFC8000DC023 /* AppDelegate.m */; };
		63CF57E92122BFC8000DC023 /* ViewController.m in Sources */ = {isa = PBXBuildFile; fileRef = 63CF57E82122BFC8000DC023 /* ViewController.m */; };
		63CF57EC2122BFC8000DC023 /* Main.storyboard in Resources */ = {isa = PBXBuildFile; fileRef = 63CF57EA2122BFC8000DC023 /* Main.storyboard */; };
		63CF57EE2122BFC9000DC023 /* Assets.xcassets in Resources */ = {isa = PBXBuildFile; fileRef = 63CF57ED2122BFC9000DC023 /* Assets.xcassets */; };
		63CF57F12122BFC9000DC023 /* LaunchScreen.storyboard in Resources */ = {isa = PBXBuildFile; fileRef = 63CF57EF2122BFC9000DC023 /* LaunchScreen.storyboard */; };
		63CF57F42122BFC9000DC023 /* main.m in Sources */ = {isa = PBXBuildFile; fileRef = 63CF57F32122BFC9000DC023 /* main.m */; };
/* End PBXBuildFile section */

/* Begin PBXFileReference section */
		63A5B6DE2126A073002EACC5 /* UIView+DSL.m */ = {isa = PBXFileReference; fileEncoding = 4; lastKnownFileType = sourcecode.c.objc; path = "UIView+DSL.m"; sourceTree = "<group>"; };
		63A5B6DF2126A073002EACC5 /* UIImageView+DSL.h */ = {isa = PBXFileReference; fileEncoding = 4; lastKnownFileType = sourcecode.c.h; path = "UIImageView+DSL.h"; sourceTree = "<group>"; };
		63A5B6E02126A073002EACC5 /* UIView+DSL.h */ = {isa = PBXFileReference; fileEncoding = 4; lastKnownFileType = sourcecode.c.h; path = "UIView+DSL.h"; sourceTree = "<group>"; };
		63A5B6E12126A073002EACC5 /* UIImageView+DSL.m */ = {isa = PBXFileReference; fileEncoding = 4; lastKnownFileType = sourcecode.c.objc; path = "UIImageView+DSL.m"; sourceTree = "<group>"; };
		63A5B6E52126A1DC002EACC5 /* DSLViewMaker.h */ = {isa = PBXFileReference; lastKnownFileType = sourcecode.c.h; path = DSLViewMaker.h; sourceTree = "<group>"; };
		63A5B6E62126A1DC002EACC5 /* DSLViewMaker.m */ = {isa = PBXFileReference; lastKnownFileType = sourcecode.c.objc; path = DSLViewMaker.m; sourceTree = "<group>"; };
		63CF57E12122BFC8000DC023 /* DLDomainSpecificLanguage.app */ = {isa = PBXFileReference; explicitFileType = wrapper.application; includeInIndex = 0; path = DLDomainSpecificLanguage.app; sourceTree = BUILT_PRODUCTS_DIR; };
		63CF57E42122BFC8000DC023 /* AppDelegate.h */ = {isa = PBXFileReference; lastKnownFileType = sourcecode.c.h; path = AppDelegate.h; sourceTree = "<group>"; };
		63CF57E52122BFC8000DC023 /* AppDelegate.m */ = {isa = PBXFileReference; lastKnownFileType = sourcecode.c.objc; path = AppDelegate.m; sourceTree = "<group>"; };
		63CF57E72122BFC8000DC023 /* ViewController.h */ = {isa = PBXFileReference; lastKnownFileType = sourcecode.c.h; path = ViewController.h; sourceTree = "<group>"; };
		63CF57E82122BFC8000DC023 /* ViewController.m */ = {isa = PBXFileReference; lastKnownFileType = sourcecode.c.objc; path = ViewController.m; sourceTree = "<group>"; };
		63CF57EB2122BFC8000DC023 /* Base */ = {isa = PBXFileReference; lastKnownFileType = file.storyboard; name = Base; path = Base.lproj/Main.storyboard; sourceTree = "<group>"; };
		63CF57ED2122BFC9000DC023 /* Assets.xcassets */ = {isa = PBXFileReference; lastKnownFileType = folder.assetcatalog; path = Assets.xcassets; sourceTree = "<group>"; };
		63CF57F02122BFC9000DC023 /* Base */ = {isa = PBXFileReference; lastKnownFileType = file.storyboard; name = Base; path = Base.lproj/LaunchScreen.storyboard; sourceTree = "<group>"; };
		63CF57F22122BFC9000DC023 /* Info.plist */ = {isa = PBXFileReference; lastKnownFileType = text.plist.xml; path = Info.plist; sourceTree = "<group>"; };
		63CF57F32122BFC9000DC023 /* main.m */ = {isa = PBXFileReference; lastKnownFileType = sourcecode.c.objc; path = main.m; sourceTree = "<group>"; };
/* End PBXFileReference section */

/* Begin PBXFrameworksBuildPhase section */
		63CF57DE2122BFC8000DC023 /* Frameworks */ = {
			isa = PBXFrameworksBuildPhase;
			buildActionMask = 2147483647;
			files = (
			);
			runOnlyForDeploymentPostprocessing = 0;
		};
/* End PBXFrameworksBuildPhase section */

/* Begin PBXGroup section */
		63A5B6DD2126A073002EACC5 /* Category */ = {
			isa = PBXGroup;
			children = (
				63A5B6E02126A073002EACC5 /* UIView+DSL.h */,
				63A5B6DE2126A073002EACC5 /* UIView+DSL.m */,
				63A5B6DF2126A073002EACC5 /* UIImageView+DSL.h */,
				63A5B6E12126A073002EACC5 /* UIImageView+DSL.m */,
			);
			path = Category;
			sourceTree = "<group>";
		};
		63A5B6E42126A1C5002EACC5 /* MiddleClass */ = {
			isa = PBXGroup;
			children = (
				63A5B6E52126A1DC002EACC5 /* DSLViewMaker.h */,
				63A5B6E62126A1DC002EACC5 /* DSLViewMaker.m */,
			);
			path = MiddleClass;
			sourceTree = "<group>";
		};
		63CF57D82122BFC8000DC023 = {
			isa = PBXGroup;
			children = (
				63CF57E32122BFC8000DC023 /* DLDomainSpecificLanguage */,
				63CF57E22122BFC8000DC023 /* Products */,
			);
			sourceTree = "<group>";
		};
		63CF57E22122BFC8000DC023 /* Products */ = {
			isa = PBXGroup;
			children = (
				63CF57E12122BFC8000DC023 /* DLDomainSpecificLanguage.app */,
			);
			name = Products;
			sourceTree = "<group>";
		};
		63CF57E32122BFC8000DC023 /* DLDomainSpecificLanguage */ = {
			isa = PBXGroup;
			children = (
				63A5B6E42126A1C5002EACC5 /* MiddleClass */,
				63A5B6DD2126A073002EACC5 /* Category */,
				63CF57E42122BFC8000DC023 /* AppDelegate.h */,
				63CF57E52122BFC8000DC023 /* AppDelegate.m */,
				63CF57E72122BFC8000DC023 /* ViewController.h */,
				63CF57E82122BFC8000DC023 /* ViewController.m */,
				63CF57EA2122BFC8000DC023 /* Main.storyboard */,
				63CF57ED2122BFC9000DC023 /* Assets.xcassets */,
				63CF57EF2122BFC9000DC023 /* LaunchScreen.storyboard */,
				63CF57F22122BFC9000DC023 /* Info.plist */,
				63CF57F32122BFC9000DC023 /* main.m */,
			);
			path = DLDomainSpecificLanguage;
			sourceTree = "<group>";
		};
/* End PBXGroup section */

/* Begin PBXNativeTarget section */
		63CF57E02122BFC8000DC023 /* DLDomainSpecificLanguage */ = {
			isa = PBXNativeTarget;
			buildConfigurationList = 63CF57F72122BFC9000DC023 /* Build configuration list for PBXNativeTarget "DLDomainSpecificLanguage" */;
			buildPhases = (
				63CF57DD2122BFC8000DC023 /* Sources */,
				63CF57DE2122BFC8000DC023 /* Frameworks */,
				63CF57DF2122BFC8000DC023 /* Resources */,
			);
			buildRules = (
			);
			dependencies = (
			);
			name = DLDomainSpecificLanguage;
			productName = DLDomainSpecificLanguage;
			productReference = 63CF57E12122BFC8000DC023 /* DLDomainSpecificLanguage.app */;
			productType = "com.apple.product-type.application";
		};
/* End PBXNativeTarget section */

/* Begin PBXProject section */
		63CF57D92122BFC8000DC023 /* Project object */ = {
			isa = PBXProject;
			attributes = {
				LastUpgradeCheck = 0940;
				ORGANIZATIONNAME = David;
				TargetAttributes = {
					63CF57E02122BFC8000DC023 = {
						CreatedOnToolsVersion = 9.4.1;
					};
				};
			};
			buildConfigurationList = 63CF57DC2122BFC8000DC023 /* Build configuration list for PBXProject "DLDomainSpecificLanguage" */;
			compatibilityVersion = "Xcode 9.3";
			developmentRegion = en;
			hasScannedForEncodings = 0;
			knownRegions = (
				en,
				Base,
			);
			mainGroup = 63CF57D82122BFC8000DC023;
			productRefGroup = 63CF57E22122BFC8000DC023 /* Products */;
			projectDirPath = "";
			projectRoot = "";
			targets = (
				63CF57E02122BFC8000DC023 /* DLDomainSpecificLanguage */,
			);
		};
/* End PBXProject section */

/* Begin PBXResourcesBuildPhase section */
		63CF57DF2122BFC8000DC023 /* Resources */ = {
			isa = PBXResourcesBuildPhase;
			buildActionMask = 2147483647;
			files = (
				63CF57F12122BFC9000DC023 /* LaunchScreen.storyboard in Resources */,
				63CF57EE2122BFC9000DC023 /* Assets.xcassets in Resources */,
				63CF57EC2122BFC8000DC023 /* Main.storyboard in Resources */,
			);
			runOnlyForDeploymentPostprocessing = 0;
		};
/* End PBXResourcesBuildPhase section */

/* Begin PBXSourcesBuildPhase section */
		63CF57DD2122BFC8000DC023 /* Sources */ = {
			isa = PBXSourcesBuildPhase;
			buildActionMask = 2147483647;
			files = (
				63CF57E92122BFC8000DC023 /* ViewController.m in Sources */,
				63A5B6E32126A073002EACC5 /* UIImageView+DSL.m in Sources */,
				63CF57F42122BFC9000DC023 /* main.m in Sources */,
				63A5B6E72126A1DC002EACC5 /* DSLViewMaker.m in Sources */,
				63A5B6E22126A073002EACC5 /* UIView+DSL.m in Sources */,
				63CF57E62122BFC8000DC023 /* AppDelegate.m in Sources */,
			);
			runOnlyForDeploymentPostprocessing = 0;
		};
/* End PBXSourcesBuildPhase section */

/* Begin PBXVariantGroup section */
		63CF57EA2122BFC8000DC023 /* Main.storyboard */ = {
			isa = PBXVariantGroup;
			children = (
				63CF57EB2122BFC8000DC023 /* Base */,
			);
			name = Main.storyboard;
			sourceTree = "<group>";
		};
		63CF57EF2122BFC9000DC023 /* LaunchScreen.storyboard */ = {
			isa = PBXVariantGroup;
			children = (
				63CF57F02122BFC9000DC023 /* Base */,
			);
			name = LaunchScreen.storyboard;
			sourceTree = "<group>";
		};
/* End PBXVariantGroup section */

/* Begin XCBuildConfiguration section */
		63CF57F52122BFC9000DC023 /* Debug */ = {
			isa = XCBuildConfiguration;
			buildSettings = {
				ALWAYS_SEARCH_USER_PATHS = NO;
				CLANG_ANALYZER_NONNULL = YES;
				CLANG_ANALYZER_NUMBER_OBJECT_CONVERSION = YES_AGGRESSIVE;
				CLANG_CXX_LANGUAGE_STANDARD = "gnu++14";
				CLANG_CXX_LIBRARY = "libc++";
				CLANG_ENABLE_MODULES = YES;
				CLANG_ENABLE_OBJC_ARC = YES;
				CLANG_ENABLE_OBJC_WEAK = YES;
				CLANG_WARN_BLOCK_CAPTURE_AUTORELEASING = YES;
				CLANG_WARN_BOOL_CONVERSION = YES;
				CLANG_WARN_COMMA = YES;
				CLANG_WARN_CONSTANT_CONVERSION = YES;
				CLANG_WARN_DEPRECATED_OBJC_IMPLEMENTATIONS = YES;
				CLANG_WARN_DIRECT_OBJC_ISA_USAGE = YES_ERROR;
				CLANG_WARN_DOCUMENTATION_COMMENTS = YES;
				CLANG_WARN_EMPTY_BODY = YES;
				CLANG_WARN_ENUM_CONVERSION = YES;
				CLANG_WARN_INFINITE_RECURSION = YES;
				CLANG_WARN_INT_CONVERSION = YES;
				CLANG_WARN_NON_LITERAL_NULL_CONVERSION = YES;
				CLANG_WARN_OBJC_IMPLICIT_RETAIN_SELF = YES;
				CLANG_WARN_OBJC_LITERAL_CONVERSION = YES;
				CLANG_WARN_OBJC_ROOT_CLASS = YES_ERROR;
				CLANG_WARN_RANGE_LOOP_ANALYSIS = YES;
				CLANG_WARN_STRICT_PROTOTYPES = YES;
				CLANG_WARN_SUSPICIOUS_MOVE = YES;
				CLANG_WARN_UNGUARDED_AVAILABILITY = YES_AGGRESSIVE;
				CLANG_WARN_UNREACHABLE_CODE = YES;
				CLANG_WARN__DUPLICATE_METHOD_MATCH = YES;
				CODE_SIGN_IDENTITY = "iPhone Developer";
				COPY_PHASE_STRIP = NO;
				DEBUG_INFORMATION_FORMAT = dwarf;
				ENABLE_STRICT_OBJC_MSGSEND = YES;
				ENABLE_TESTABILITY = YES;
				GCC_C_LANGUAGE_STANDARD = gnu11;
				GCC_DYNAMIC_NO_PIC = NO;
				GCC_NO_COMMON_BLOCKS = YES;
				GCC_OPTIMIZATION_LEVEL = 0;
				GCC_PREPROCESSOR_DEFINITIONS = (
					"DEBUG=1",
					"$(inherited)",
				);
				GCC_WARN_64_TO_32_BIT_CONVERSION = YES;
				GCC_WARN_ABOUT_RETURN_TYPE = YES_ERROR;
				GCC_WARN_UNDECLARED_SELECTOR = YES;
				GCC_WARN_UNINITIALIZED_AUTOS = YES_AGGRESSIVE;
				GCC_WARN_UNUSED_FUNCTION = YES;
				GCC_WARN_UNUSED_VARIABLE = YES;
				IPHONEOS_DEPLOYMENT_TARGET = 11.4;
				MTL_ENABLE_DEBUG_INFO = YES;
				ONLY_ACTIVE_ARCH = YES;
				SDKROOT = iphoneos;
			};
			name = Debug;
		};
		63CF57F62122BFC9000DC023 /* Release */ = {
			isa = XCBuildConfiguration;
			buildSettings = {
				ALWAYS_SEARCH_USER_PATHS = NO;
				CLANG_ANALYZER_NONNULL = YES;
				CLANG_ANALYZER_NUMBER_OBJECT_CONVERSION = YES_AGGRESSIVE;
				CLANG_CXX_LANGUAGE_STANDARD = "gnu++14";
				CLANG_CXX_LIBRARY = "libc++";
				CLANG_ENABLE_MODULES = YES;
				CLANG_ENABLE_OBJC_ARC = YES;
				CLANG_ENABLE_OBJC_WEAK = YES;
				CLANG_WARN_BLOCK_CAPTURE_AUTORELEASING = YES;
				CLANG_WARN_BOOL_CONVERSION = YES;
				CLANG_WARN_COMMA = YES;
				CLANG_WARN_CONSTANT_CONVERSION = YES;
				CLANG_WARN_DEPRECATED_OBJC_IMPLEMENTATIONS = YES;
				CLANG_WARN_DIRECT_OBJC_ISA_USAGE = YES_ERROR;
				CLANG_WARN_DOCUMENTATION_COMMENTS = YES;
				CLANG_WARN_EMPTY_BODY = YES;
				CLANG_WARN_ENUM_CONVERSION = YES;
				CLANG_WARN_INFINITE_RECURSION = YES;
				CLANG_WARN_INT_CONVERSION = YES;
				CLANG_WARN_NON_LITERAL_NULL_CONVERSION = YES;
				CLANG_WARN_OBJC_IMPLICIT_RETAIN_SELF = YES;
				CLANG_WARN_OBJC_LITERAL_CONVERSION = YES;
				CLANG_WARN_OBJC_ROOT_CLASS = YES_ERROR;
				CLANG_WARN_RANGE_LOOP_ANALYSIS = YES;
				CLANG_WARN_STRICT_PROTOTYPES = YES;
				CLANG_WARN_SUSPICIOUS_MOVE = YES;
				CLANG_WARN_UNGUARDED_AVAILABILITY = YES_AGGRESSIVE;
				CLANG_WARN_UNREACHABLE_CODE = YES;
				CLANG_WARN__DUPLICATE_METHOD_MATCH = YES;
				CODE_SIGN_IDENTITY = "iPhone Developer";
				COPY_PHASE_STRIP = NO;
				DEBUG_INFORMATION_FORMAT = "dwarf-with-dsym";
				ENABLE_NS_ASSERTIONS = NO;
				ENABLE_STRICT_OBJC_MSGSEND = YES;
				GCC_C_LANGUAGE_STANDARD = gnu11;
				GCC_NO_COMMON_BLOCKS = YES;
				GCC_WARN_64_TO_32_BIT_CONVERSION = YES;
				GCC_WARN_ABOUT_RETURN_TYPE = YES_ERROR;
				GCC_WARN_UNDECLARED_SELECTOR = YES;
				GCC_WARN_UNINITIALIZED_AUTOS = YES_AGGRESSIVE;
				GCC_WARN_UNUSED_FUNCTION = YES;
				GCC_WARN_UNUSED_VARIABLE = YES;
				IPHONEOS_DEPLOYMENT_TARGET = 11.4;
				MTL_ENABLE_DEBUG_INFO = NO;
				SDKROOT = iphoneos;
				VALIDATE_PRODUCT = YES;
			};
			name = Release;
		};
		63CF57F82122BFC9000DC023 /* Debug */ = {
			isa = XCBuildConfiguration;
			buildSettings = {
				ASSETCATALOG_COMPILER_APPICON_NAME = AppIcon;
				CODE_SIGN_STYLE = Automatic;
				DEVELOPMENT_TEAM = LN7UHJEGQE;
				INFOPLIST_FILE = DLDomainSpecificLanguage/Info.plist;
				LD_RUNPATH_SEARCH_PATHS = (
					"$(inherited)",
					"@executable_path/Frameworks",
				);
				PRODUCT_BUNDLE_IDENTIFIER = david.demo.app.DLDomainSpecificLanguage;
				PRODUCT_NAME = "$(TARGET_NAME)";
				TARGETED_DEVICE_FAMILY = "1,2";
			};
			name = Debug;
		};
		63CF57F92122BFC9000DC023 /* Release */ = {
			isa = XCBuildConfiguration;
			buildSettings = {
				ASSETCATALOG_COMPILER_APPICON_NAME = AppIcon;
				CODE_SIGN_STYLE = Automatic;
				DEVELOPMENT_TEAM = LN7UHJEGQE;
				INFOPLIST_FILE = DLDomainSpecificLanguage/Info.plist;
				LD_RUNPATH_SEARCH_PATHS = (
					"$(inherited)",
					"@executable_path/Frameworks",
				);
				PRODUCT_BUNDLE_IDENTIFIER = david.demo.app.DLDomainSpecificLanguage;
				PRODUCT_NAME = "$(TARGET_NAME)";
				TARGETED_DEVICE_FAMILY = "1,2";
			};
			name = Release;
		};
/* End XCBuildConfiguration section */

/* Begin XCConfigurationList section */
		63CF57DC2122BFC8000DC023 /* Build configuration list for PBXProject "DLDomainSpecificLanguage" */ = {
			isa = XCConfigurationList;
			buildConfigurations = (
				63CF57F52122BFC9000DC023 /* Debug */,
				63CF57F62122BFC9000DC023 /* Release */,
			);
			defaultConfigurationIsVisible = 0;
			defaultConfigurationName = Release;
		};
		63CF57F72122BFC9000DC023 /* Build configuration list for PBXNativeTarget "DLDomainSpecificLanguage" */ = {
			isa = XCConfigurationList;
			buildConfigurations = (
				63CF57F82122BFC9000DC023 /* Debug */,
				63CF57F92122BFC9000DC023 /* Release */,
			);
			defaultConfigurationIsVisible = 0;
			defaultConfigurationName = Release;
		};
/* End XCConfigurationList section */
	};
	rootObject = 63CF57D92122BFC8000DC023 /* Project object */;
}
